PODS:
  - Alamofire (4.6.0)
  - AlamofireImage (3.3.0):
    - Alamofire (~> 4.5)
  - OHHTTPStubs/Core (6.0.0)
  - OHHTTPStubs/Default (6.0.0):
    - OHHTTPStubs/Core
    - OHHTTPStubs/JSON
    - OHHTTPStubs/NSURLSession
    - OHHTTPStubs/OHPathHelpers
  - OHHTTPStubs/JSON (6.0.0):
    - OHHTTPStubs/Core
  - OHHTTPStubs/NSURLSession (6.0.0):
    - OHHTTPStubs/Core
  - OHHTTPStubs/OHPathHelpers (6.0.0)
  - OHHTTPStubs/Swift (6.0.0):
    - OHHTTPStubs/Default
  - SwiftyJSON (4.0.0)

DEPENDENCIES:
  - Alamofire (~> 4.4)
  - AlamofireImage
  - OHHTTPStubs/Swift (~> 6.0.0)
  - SwiftyJSON

SPEC CHECKSUMS:
  Alamofire: f41a599bd63041760b26d393ec1069d9d7b917f4
  AlamofireImage: 2e784dc5d00f04903a52c1d169181469c805c3df
  OHHTTPStubs: 752f9b11fd810a15162d50f11c06ff94f8e012eb
  SwiftyJSON: 070dabdcb1beb81b247c65ffa3a79dbbfb3b48aa

PODFILE CHECKSUM: 299b5f8bcaca62e6f44c5ec5728ccc3debb56c33

COCOAPODS: 1.3.1
