PODS:
  - Alamofire (4.5.1)
  - AlamofireImage (3.3.0):
    - Alamofire (~> 4.5)
  - SwiftyJSON (3.1.4)

DEPENDENCIES:
  - Alamofire (~> 4.4)
  - AlamofireImage
  - SwiftyJSON

SPEC CHECKSUMS:
  Alamofire: 2d95912bf4c34f164fdfc335872e8c312acaea4a
  AlamofireImage: 2e784dc5d00f04903a52c1d169181469c805c3df
  SwiftyJSON: c2842d878f95482ffceec5709abc3d05680c0220

PODFILE CHECKSUM: 7e789c7ea22659d64d0c68a5bb258f9069be2d07

COCOAPODS: 1.2.1
